
Microsoft Visual Studio Solution File, Format Version 12.00
# Visual Studio Version 17
VisualStudioVersion = 17.11.35208.52
MinimumVisualStudioVersion = 10.0.40219.1
Project("{FAE04EC0-301F-11D3-BF4B-00C04F79EFBC}") = "expo-tec-upgrade-b", "expo-tec-upgrade-b\expo-tec-upgrade-b.csproj", "{B3BCB0BE-6FD6-4E01-89FA-03EE4CBAD57F}"
EndProject
Global
	GlobalSection(SolutionConfigurationPlatforms) = preSolution
		Debug|Any CPU = Debug|Any CPU
		Release|Any CPU = Release|Any CPU
	EndGlobalSection
	GlobalSection(ProjectConfigurationPlatforms) = postSolution
		{B3BCB0BE-6FD6-4E01-89FA-03EE4CBAD57F}.Debug|Any CPU.ActiveCfg = Debug|Any CPU
		{B3BCB0BE-6FD6-4E01-89FA-03EE4CBAD57F}.Debug|Any CPU.Build.0 = Debug|Any CPU
		{B3BCB0BE-6FD6-4E01-89FA-03EE4CBAD57F}.Release|Any CPU.ActiveCfg = Release|Any CPU
		{B3BCB0BE-6FD6-4E01-89FA-03EE4CBAD57F}.Release|Any CPU.Build.0 = Release|Any CPU
	EndGlobalSection
	GlobalSection(SolutionProperties) = preSolution
		HideSolutionNode = FALSE
	EndGlobalSection
	GlobalSection(ExtensibilityGlobals) = postSolution
		SolutionGuid = {49619C9E-0723-48C7-83CE-F0860161A85D}
	EndGlobalSection
EndGlobal
